
Microsoft Visual Studio Solution File, Format Version 12.00
# Visual Studio Version 16
VisualStudioVersion = 16.0.31105.61
MinimumVisualStudioVersion = 10.0.40219.1
Project("{FAE04EC0-301F-11D3-BF4B-00C04F79EFBC}") = "HotelReservation", "HotelReservation\HotelReservation.csproj", "{BFD20E31-5CBC-4B4E-B954-E132FB232981}"
EndProject
Global
	GlobalSection(SolutionConfigurationPlatforms) = preSolution
		Debug|Any CPU = Debug|Any CPU
		Release|Any CPU = Release|Any CPU
	EndGlobalSection
	GlobalSection(ProjectConfigurationPlatforms) = postSolution
		{BFD20E31-5CBC-4B4E-B954-E132FB232981}.Debug|Any CPU.ActiveCfg = Debug|Any CPU
		{BFD20E31-5CBC-4B4E-B954-E132FB232981}.Debug|Any CPU.Build.0 = Debug|Any CPU
		{BFD20E31-5CBC-4B4E-B954-E132FB232981}.Release|Any CPU.ActiveCfg = Release|Any CPU
		{BFD20E31-5CBC-4B4E-B954-E132FB232981}.Release|Any CPU.Build.0 = Release|Any CPU
	EndGlobalSection
	GlobalSection(SolutionProperties) = preSolution
		HideSolutionNode = FALSE
	EndGlobalSection
	GlobalSection(ExtensibilityGlobals) = postSolution
		SolutionGuid = {2C84E485-71D3-4349-ACBF-BDE26DC31C6B}
	EndGlobalSection
EndGlobal
